// !$*UTF8*$!
{
	archiveVersion = 1;
	classes = {
	};
	objectVersion = 50;
	objects = {

/* Begin PBXBuildFile section */
		3406763223EB5E9B00DED300 /* TitleLabelTests.swift in Sources */ = {isa = PBXBuildFile; fileRef = 3406763123EB5E9B00DED300 /* TitleLabelTests.swift */; };
		3406763423EB682500DED300 /* BodyLabelTests.swift in Sources */ = {isa = PBXBuildFile; fileRef = 3406763323EB682500DED300 /* BodyLabelTests.swift */; };
		3406763623EB691800DED300 /* ButtonTests.swift in Sources */ = {isa = PBXBuildFile; fileRef = 3406763523EB691800DED300 /* ButtonTests.swift */; };
		3406763823EB6D4A00DED300 /* ContainerViewTests.swift in Sources */ = {isa = PBXBuildFile; fileRef = 3406763723EB6D4A00DED300 /* ContainerViewTests.swift */; };
		3474472623EC97FE004E05BC /* PhotoViewModel.swift in Sources */ = {isa = PBXBuildFile; fileRef = 3474472523EC97FD004E05BC /* PhotoViewModel.swift */; };
		349CDC4E23EB97860041431F /* PhotoCell.swift in Sources */ = {isa = PBXBuildFile; fileRef = 349CDC4D23EB97860041431F /* PhotoCell.swift */; };
		349CDC5023EB985F0041431F /* IMPhotoImageView.swift in Sources */ = {isa = PBXBuildFile; fileRef = 349CDC4F23EB985F0041431F /* IMPhotoImageView.swift */; };
		349CDC5223EB98F70041431F /* PhotoImageViewTests.swift in Sources */ = {isa = PBXBuildFile; fileRef = 349CDC5123EB98F70041431F /* PhotoImageViewTests.swift */; };
		34BA87F323EC420F009CA973 /* UIHelper.swift in Sources */ = {isa = PBXBuildFile; fileRef = 34BA87F223EC420F009CA973 /* UIHelper.swift */; };
		34BA87F723EC49F6009CA973 /* PHFetchResult+Ext.swift in Sources */ = {isa = PBXBuildFile; fileRef = 34BA87F623EC49F6009CA973 /* PHFetchResult+Ext.swift */; };
		34BA87F923EC69B6009CA973 /* IMError.swift in Sources */ = {isa = PBXBuildFile; fileRef = 34BA87F823EC69B6009CA973 /* IMError.swift */; };
		34BA87FC23EC6ED5009CA973 /* PhotoManager.swift in Sources */ = {isa = PBXBuildFile; fileRef = 34BA87FB23EC6ED5009CA973 /* PhotoManager.swift */; };
		34CF223523EB030900B5F25D /* AppDelegate.swift in Sources */ = {isa = PBXBuildFile; fileRef = 34CF223423EB030900B5F25D /* AppDelegate.swift */; };
		34CF223723EB030900B5F25D /* SceneDelegate.swift in Sources */ = {isa = PBXBuildFile; fileRef = 34CF223623EB030900B5F25D /* SceneDelegate.swift */; };
		34CF223E23EB030900B5F25D /* Assets.xcassets in Resources */ = {isa = PBXBuildFile; fileRef = 34CF223D23EB030900B5F25D /* Assets.xcassets */; };
		34CF224123EB030900B5F25D /* LaunchScreen.storyboard in Resources */ = {isa = PBXBuildFile; fileRef = 34CF223F23EB030900B5F25D /* LaunchScreen.storyboard */; };
		34CF224B23EB19D600B5F25D /* TabBarController.swift in Sources */ = {isa = PBXBuildFile; fileRef = 34CF224A23EB19D600B5F25D /* TabBarController.swift */; };
		34CF224E23EB1A7D00B5F25D /* DataLoadingVC.swift in Sources */ = {isa = PBXBuildFile; fileRef = 34CF224D23EB1A7D00B5F25D /* DataLoadingVC.swift */; };
		34CF225123EB1B1E00B5F25D /* EmptyStateView.swift in Sources */ = {isa = PBXBuildFile; fileRef = 34CF225023EB1B1E00B5F25D /* EmptyStateView.swift */; };
		34CF225423EB1BD000B5F25D /* Constants.swift in Sources */ = {isa = PBXBuildFile; fileRef = 34CF225323EB1BD000B5F25D /* Constants.swift */; };
		34CF225623EB1C1E00B5F25D /* TitleLabel.swift in Sources */ = {isa = PBXBuildFile; fileRef = 34CF225523EB1C1E00B5F25D /* TitleLabel.swift */; };
		34CF225923EB1C8600B5F25D /* String+Ext.swift in Sources */ = {isa = PBXBuildFile; fileRef = 34CF225823EB1C8600B5F25D /* String+Ext.swift */; };
		34CF225B23EB1CBB00B5F25D /* UITextField+Ext.swift in Sources */ = {isa = PBXBuildFile; fileRef = 34CF225A23EB1CBB00B5F25D /* UITextField+Ext.swift */; };
		34CF225D23EB1CE000B5F25D /* UIViewController+Ext.swift in Sources */ = {isa = PBXBuildFile; fileRef = 34CF225C23EB1CE000B5F25D /* UIViewController+Ext.swift */; };
		34CF225F23EB1D0D00B5F25D /* AlertVC.swift in Sources */ = {isa = PBXBuildFile; fileRef = 34CF225E23EB1D0D00B5F25D /* AlertVC.swift */; };
		34CF226123EB1D5300B5F25D /* ContainerView.swift in Sources */ = {isa = PBXBuildFile; fileRef = 34CF226023EB1D5300B5F25D /* ContainerView.swift */; };
		34CF226323EB1D7900B5F25D /* BodyLabel.swift in Sources */ = {isa = PBXBuildFile; fileRef = 34CF226223EB1D7900B5F25D /* BodyLabel.swift */; };
		34CF226523EB1DB700B5F25D /* Button.swift in Sources */ = {isa = PBXBuildFile; fileRef = 34CF226423EB1DB700B5F25D /* Button.swift */; };
		34CF226723EB1DEC00B5F25D /* Date+Ext.swift in Sources */ = {isa = PBXBuildFile; fileRef = 34CF226623EB1DEC00B5F25D /* Date+Ext.swift */; };
		34CF226923EB1E0F00B5F25D /* UIView+Ext.swift in Sources */ = {isa = PBXBuildFile; fileRef = 34CF226823EB1E0F00B5F25D /* UIView+Ext.swift */; };
		34CF226B23EB1E3000B5F25D /* UITableView+Ext.swift in Sources */ = {isa = PBXBuildFile; fileRef = 34CF226A23EB1E3000B5F25D /* UITableView+Ext.swift */; };
		34CF226D23EB1EB800B5F25D /* PhotosVC.swift in Sources */ = {isa = PBXBuildFile; fileRef = 34CF226C23EB1EB800B5F25D /* PhotosVC.swift */; };
		34CF226F23EB1EEE00B5F25D /* AlbumsVC.swift in Sources */ = {isa = PBXBuildFile; fileRef = 34CF226E23EB1EEE00B5F25D /* AlbumsVC.swift */; };
		34CF227123EB1F5500B5F25D /* LocationsVC.swift in Sources */ = {isa = PBXBuildFile; fileRef = 34CF227023EB1F5500B5F25D /* LocationsVC.swift */; };
		34CF227323EB1F7700B5F25D /* MemoriesVC.swift in Sources */ = {isa = PBXBuildFile; fileRef = 34CF227223EB1F7700B5F25D /* MemoriesVC.swift */; };
		34CF227723EB347600B5F25D /* UITabBarController+Ext.swift in Sources */ = {isa = PBXBuildFile; fileRef = 34CF227623EB347600B5F25D /* UITabBarController+Ext.swift */; };
		34CF228723EB3C2400B5F25D /* TabBarControllerTests.swift in Sources */ = {isa = PBXBuildFile; fileRef = 34CF228623EB3C2400B5F25D /* TabBarControllerTests.swift */; };
		8A788BB2104C70BCC72C0765 /* libPods-Photo.a in Frameworks */ = {isa = PBXBuildFile; fileRef = 87FC7ECEFCAE816ECA7D63C7 /* libPods-Photo.a */; };
/* End PBXBuildFile section */

/* Begin PBXContainerItemProxy section */
		34CF228123EB3B8A00B5F25D /* PBXContainerItemProxy */ = {
			isa = PBXContainerItemProxy;
			containerPortal = 34CF222923EB030900B5F25D /* Project object */;
			proxyType = 1;
			remoteGlobalIDString = 34CF223023EB030900B5F25D;
			remoteInfo = Photo;
		};
/* End PBXContainerItemProxy section */

/* Begin PBXFileReference section */
		16366A05DC7A909F304AA480 /* Pods-Photo.debug.xcconfig */ = {isa = PBXFileReference; includeInIndex = 1; lastKnownFileType = text.xcconfig; name = "Pods-Photo.debug.xcconfig"; path = "Target Support Files/Pods-Photo/Pods-Photo.debug.xcconfig"; sourceTree = "<group>"; };
		3406763123EB5E9B00DED300 /* TitleLabelTests.swift */ = {isa = PBXFileReference; lastKnownFileType = sourcecode.swift; path = TitleLabelTests.swift; sourceTree = "<group>"; };
		3406763323EB682500DED300 /* BodyLabelTests.swift */ = {isa = PBXFileReference; lastKnownFileType = sourcecode.swift; path = BodyLabelTests.swift; sourceTree = "<group>"; };
		3406763523EB691800DED300 /* ButtonTests.swift */ = {isa = PBXFileReference; lastKnownFileType = sourcecode.swift; path = ButtonTests.swift; sourceTree = "<group>"; };
		3406763723EB6D4A00DED300 /* ContainerViewTests.swift */ = {isa = PBXFileReference; lastKnownFileType = sourcecode.swift; path = ContainerViewTests.swift; sourceTree = "<group>"; };
		3474472523EC97FD004E05BC /* PhotoViewModel.swift */ = {isa = PBXFileReference; lastKnownFileType = sourcecode.swift; path = PhotoViewModel.swift; sourceTree = "<group>"; };
		349CDC4D23EB97860041431F /* PhotoCell.swift */ = {isa = PBXFileReference; lastKnownFileType = sourcecode.swift; path = PhotoCell.swift; sourceTree = "<group>"; };
		349CDC4F23EB985F0041431F /* IMPhotoImageView.swift */ = {isa = PBXFileReference; lastKnownFileType = sourcecode.swift; path = IMPhotoImageView.swift; sourceTree = "<group>"; };
		349CDC5123EB98F70041431F /* PhotoImageViewTests.swift */ = {isa = PBXFileReference; lastKnownFileType = sourcecode.swift; path = PhotoImageViewTests.swift; sourceTree = "<group>"; };
		34BA87F223EC420F009CA973 /* UIHelper.swift */ = {isa = PBXFileReference; lastKnownFileType = sourcecode.swift; path = UIHelper.swift; sourceTree = "<group>"; };
		34BA87F623EC49F6009CA973 /* PHFetchResult+Ext.swift */ = {isa = PBXFileReference; lastKnownFileType = sourcecode.swift; path = "PHFetchResult+Ext.swift"; sourceTree = "<group>"; };
		34BA87F823EC69B6009CA973 /* IMError.swift */ = {isa = PBXFileReference; lastKnownFileType = sourcecode.swift; path = IMError.swift; sourceTree = "<group>"; };
		34BA87FB23EC6ED5009CA973 /* PhotoManager.swift */ = {isa = PBXFileReference; lastKnownFileType = sourcecode.swift; path = PhotoManager.swift; sourceTree = "<group>"; };
		34CF223123EB030900B5F25D /* Photo.app */ = {isa = PBXFileReference; explicitFileType = wrapper.application; includeInIndex = 0; path = Photo.app; sourceTree = BUILT_PRODUCTS_DIR; };
		34CF223423EB030900B5F25D /* AppDelegate.swift */ = {isa = PBXFileReference; lastKnownFileType = sourcecode.swift; path = AppDelegate.swift; sourceTree = "<group>"; };
		34CF223623EB030900B5F25D /* SceneDelegate.swift */ = {isa = PBXFileReference; lastKnownFileType = sourcecode.swift; path = SceneDelegate.swift; sourceTree = "<group>"; };
		34CF223D23EB030900B5F25D /* Assets.xcassets */ = {isa = PBXFileReference; lastKnownFileType = folder.assetcatalog; path = Assets.xcassets; sourceTree = "<group>"; };
		34CF224023EB030900B5F25D /* Base */ = {isa = PBXFileReference; lastKnownFileType = file.storyboard; name = Base; path = Base.lproj/LaunchScreen.storyboard; sourceTree = "<group>"; };
		34CF224223EB030900B5F25D /* Info.plist */ = {isa = PBXFileReference; lastKnownFileType = text.plist.xml; path = Info.plist; sourceTree = "<group>"; };
		34CF224A23EB19D600B5F25D /* TabBarController.swift */ = {isa = PBXFileReference; lastKnownFileType = sourcecode.swift; path = TabBarController.swift; sourceTree = "<group>"; };
		34CF224D23EB1A7D00B5F25D /* DataLoadingVC.swift */ = {isa = PBXFileReference; lastKnownFileType = sourcecode.swift; path = DataLoadingVC.swift; sourceTree = "<group>"; };
		34CF225023EB1B1E00B5F25D /* EmptyStateView.swift */ = {isa = PBXFileReference; lastKnownFileType = sourcecode.swift; path = EmptyStateView.swift; sourceTree = "<group>"; };
		34CF225323EB1BD000B5F25D /* Constants.swift */ = {isa = PBXFileReference; lastKnownFileType = sourcecode.swift; path = Constants.swift; sourceTree = "<group>"; };
		34CF225523EB1C1E00B5F25D /* TitleLabel.swift */ = {isa = PBXFileReference; lastKnownFileType = sourcecode.swift; path = TitleLabel.swift; sourceTree = "<group>"; };
		34CF225823EB1C8600B5F25D /* String+Ext.swift */ = {isa = PBXFileReference; lastKnownFileType = sourcecode.swift; path = "String+Ext.swift"; sourceTree = "<group>"; };
		34CF225A23EB1CBB00B5F25D /* UITextField+Ext.swift */ = {isa = PBXFileReference; lastKnownFileType = sourcecode.swift; path = "UITextField+Ext.swift"; sourceTree = "<group>"; };
		34CF225C23EB1CE000B5F25D /* UIViewController+Ext.swift */ = {isa = PBXFileReference; lastKnownFileType = sourcecode.swift; path = "UIViewController+Ext.swift"; sourceTree = "<group>"; };
		34CF225E23EB1D0D00B5F25D /* AlertVC.swift */ = {isa = PBXFileReference; lastKnownFileType = sourcecode.swift; path = AlertVC.swift; sourceTree = "<group>"; };
		34CF226023EB1D5300B5F25D /* ContainerView.swift */ = {isa = PBXFileReference; lastKnownFileType = sourcecode.swift; path = ContainerView.swift; sourceTree = "<group>"; };
		34CF226223EB1D7900B5F25D /* BodyLabel.swift */ = {isa = PBXFileReference; lastKnownFileType = sourcecode.swift; path = BodyLabel.swift; sourceTree = "<group>"; };
		34CF226423EB1DB700B5F25D /* Button.swift */ = {isa = PBXFileReference; lastKnownFileType = sourcecode.swift; path = Button.swift; sourceTree = "<group>"; };
		34CF226623EB1DEC00B5F25D /* Date+Ext.swift */ = {isa = PBXFileReference; lastKnownFileType = sourcecode.swift; path = "Date+Ext.swift"; sourceTree = "<group>"; };
		34CF226823EB1E0F00B5F25D /* UIView+Ext.swift */ = {isa = PBXFileReference; lastKnownFileType = sourcecode.swift; path = "UIView+Ext.swift"; sourceTree = "<group>"; };
		34CF226A23EB1E3000B5F25D /* UITableView+Ext.swift */ = {isa = PBXFileReference; lastKnownFileType = sourcecode.swift; path = "UITableView+Ext.swift"; sourceTree = "<group>"; };
		34CF226C23EB1EB800B5F25D /* PhotosVC.swift */ = {isa = PBXFileReference; lastKnownFileType = sourcecode.swift; path = PhotosVC.swift; sourceTree = "<group>"; };
		34CF226E23EB1EEE00B5F25D /* AlbumsVC.swift */ = {isa = PBXFileReference; lastKnownFileType = sourcecode.swift; path = AlbumsVC.swift; sourceTree = "<group>"; };
		34CF227023EB1F5500B5F25D /* LocationsVC.swift */ = {isa = PBXFileReference; lastKnownFileType = sourcecode.swift; path = LocationsVC.swift; sourceTree = "<group>"; };
		34CF227223EB1F7700B5F25D /* MemoriesVC.swift */ = {isa = PBXFileReference; lastKnownFileType = sourcecode.swift; path = MemoriesVC.swift; sourceTree = "<group>"; };
		34CF227623EB347600B5F25D /* UITabBarController+Ext.swift */ = {isa = PBXFileReference; lastKnownFileType = sourcecode.swift; path = "UITabBarController+Ext.swift"; sourceTree = "<group>"; };
		34CF227C23EB3B8A00B5F25D /* PhotoTests.xctest */ = {isa = PBXFileReference; explicitFileType = wrapper.cfbundle; includeInIndex = 0; path = PhotoTests.xctest; sourceTree = BUILT_PRODUCTS_DIR; };
		34CF228023EB3B8A00B5F25D /* Info.plist */ = {isa = PBXFileReference; lastKnownFileType = text.plist.xml; path = Info.plist; sourceTree = "<group>"; };
		34CF228623EB3C2400B5F25D /* TabBarControllerTests.swift */ = {isa = PBXFileReference; lastKnownFileType = sourcecode.swift; path = TabBarControllerTests.swift; sourceTree = "<group>"; };
		71AAAE327A6E3C6EB79E7025 /* Pods-Photo.release.xcconfig */ = {isa = PBXFileReference; includeInIndex = 1; lastKnownFileType = text.xcconfig; name = "Pods-Photo.release.xcconfig"; path = "Target Support Files/Pods-Photo/Pods-Photo.release.xcconfig"; sourceTree = "<group>"; };
		87FC7ECEFCAE816ECA7D63C7 /* libPods-Photo.a */ = {isa = PBXFileReference; explicitFileType = archive.ar; includeInIndex = 0; path = "libPods-Photo.a"; sourceTree = BUILT_PRODUCTS_DIR; };
/* End PBXFileReference section */

/* Begin PBXFrameworksBuildPhase section */
		34CF222E23EB030900B5F25D /* Frameworks */ = {
			isa = PBXFrameworksBuildPhase;
			buildActionMask = 2147483647;
			files = (
				8A788BB2104C70BCC72C0765 /* libPods-Photo.a in Frameworks */,
			);
			runOnlyForDeploymentPostprocessing = 0;
		};
		34CF227923EB3B8A00B5F25D /* Frameworks */ = {
			isa = PBXFrameworksBuildPhase;
			buildActionMask = 2147483647;
			files = (
			);
			runOnlyForDeploymentPostprocessing = 0;
		};
/* End PBXFrameworksBuildPhase section */

/* Begin PBXGroup section */
		26C85916239F643156B201F1 /* Pods */ = {
			isa = PBXGroup;
			children = (
				16366A05DC7A909F304AA480 /* Pods-Photo.debug.xcconfig */,
				71AAAE327A6E3C6EB79E7025 /* Pods-Photo.release.xcconfig */,
			);
			path = Pods;
			sourceTree = "<group>";
		};
		3474472723EC9DA1004E05BC /* Models */ = {
			isa = PBXGroup;
			children = (
				3474472523EC97FD004E05BC /* PhotoViewModel.swift */,
			);
			path = Models;
			sourceTree = "<group>";
		};
		34BA87FA23EC6EC7009CA973 /* Managers */ = {
			isa = PBXGroup;
			children = (
				34BA87FB23EC6ED5009CA973 /* PhotoManager.swift */,
			);
			path = Managers;
			sourceTree = "<group>";
		};
		34CF222823EB030900B5F25D = {
			isa = PBXGroup;
			children = (
				34CF223323EB030900B5F25D /* Photo */,
				34CF227D23EB3B8A00B5F25D /* PhotoTests */,
				34CF223223EB030900B5F25D /* Products */,
				26C85916239F643156B201F1 /* Pods */,
				EFADC8CCBE2A6EA9933C6F32 /* Frameworks */,
			);
			sourceTree = "<group>";
		};
		34CF223223EB030900B5F25D /* Products */ = {
			isa = PBXGroup;
			children = (
				34CF223123EB030900B5F25D /* Photo.app */,
				34CF227C23EB3B8A00B5F25D /* PhotoTests.xctest */,
			);
			name = Products;
			sourceTree = "<group>";
		};
		34CF223323EB030900B5F25D /* Photo */ = {
			isa = PBXGroup;
			children = (
				3474472723EC9DA1004E05BC /* Models */,
				34BA87FA23EC6EC7009CA973 /* Managers */,
				34CF225723EB1C5400B5F25D /* Extensions */,
				34CF225223EB1BA800B5F25D /* Utilities */,
				34CF224F23EB1AC400B5F25D /* Views */,
				34CF224C23EB1A3000B5F25D /* Controllers */,
				34CF224923EB192C00B5F25D /* Support */,
				34CF224823EB192000B5F25D /* Screens */,
				34CF224223EB030900B5F25D /* Info.plist */,
			);
			path = Photo;
			sourceTree = "<group>";
		};
		34CF224823EB192000B5F25D /* Screens */ = {
			isa = PBXGroup;
			children = (
				349CDC4D23EB97860041431F /* PhotoCell.swift */,
				34CF226C23EB1EB800B5F25D /* PhotosVC.swift */,
				34CF226E23EB1EEE00B5F25D /* AlbumsVC.swift */,
				34CF227023EB1F5500B5F25D /* LocationsVC.swift */,
				34CF227223EB1F7700B5F25D /* MemoriesVC.swift */,
			);
			path = Screens;
			sourceTree = "<group>";
		};
		34CF224923EB192C00B5F25D /* Support */ = {
			isa = PBXGroup;
			children = (
				34CF223D23EB030900B5F25D /* Assets.xcassets */,
				34CF223423EB030900B5F25D /* AppDelegate.swift */,
				34CF223623EB030900B5F25D /* SceneDelegate.swift */,
				34CF223F23EB030900B5F25D /* LaunchScreen.storyboard */,
			);
			path = Support;
			sourceTree = "<group>";
		};
		34CF224C23EB1A3000B5F25D /* Controllers */ = {
			isa = PBXGroup;
			children = (
				34CF224A23EB19D600B5F25D /* TabBarController.swift */,
				34CF224D23EB1A7D00B5F25D /* DataLoadingVC.swift */,
				34CF225E23EB1D0D00B5F25D /* AlertVC.swift */,
			);
			path = Controllers;
			sourceTree = "<group>";
		};
		34CF224F23EB1AC400B5F25D /* Views */ = {
			isa = PBXGroup;
			children = (
				34CF225023EB1B1E00B5F25D /* EmptyStateView.swift */,
				34CF225523EB1C1E00B5F25D /* TitleLabel.swift */,
				34CF226023EB1D5300B5F25D /* ContainerView.swift */,
				34CF226223EB1D7900B5F25D /* BodyLabel.swift */,
				34CF226423EB1DB700B5F25D /* Button.swift */,
				349CDC4F23EB985F0041431F /* IMPhotoImageView.swift */,
			);
			path = Views;
			sourceTree = "<group>";
		};
		34CF225223EB1BA800B5F25D /* Utilities */ = {
			isa = PBXGroup;
			children = (
				34CF225323EB1BD000B5F25D /* Constants.swift */,
				34BA87F223EC420F009CA973 /* UIHelper.swift */,
				34BA87F823EC69B6009CA973 /* IMError.swift */,
			);
			path = Utilities;
			sourceTree = "<group>";
		};
		34CF225723EB1C5400B5F25D /* Extensions */ = {
			isa = PBXGroup;
			children = (
				34CF225823EB1C8600B5F25D /* String+Ext.swift */,
				34CF225A23EB1CBB00B5F25D /* UITextField+Ext.swift */,
				34CF225C23EB1CE000B5F25D /* UIViewController+Ext.swift */,
				34CF226623EB1DEC00B5F25D /* Date+Ext.swift */,
				34CF226823EB1E0F00B5F25D /* UIView+Ext.swift */,
				34CF226A23EB1E3000B5F25D /* UITableView+Ext.swift */,
				34CF227623EB347600B5F25D /* UITabBarController+Ext.swift */,
				34BA87F623EC49F6009CA973 /* PHFetchResult+Ext.swift */,
			);
			path = Extensions;
			sourceTree = "<group>";
		};
		34CF227D23EB3B8A00B5F25D /* PhotoTests */ = {
			isa = PBXGroup;
			children = (
				34CF228023EB3B8A00B5F25D /* Info.plist */,
				34CF228623EB3C2400B5F25D /* TabBarControllerTests.swift */,
				3406763123EB5E9B00DED300 /* TitleLabelTests.swift */,
				3406763323EB682500DED300 /* BodyLabelTests.swift */,
				3406763523EB691800DED300 /* ButtonTests.swift */,
				3406763723EB6D4A00DED300 /* ContainerViewTests.swift */,
				349CDC5123EB98F70041431F /* PhotoImageViewTests.swift */,
			);
			path = PhotoTests;
			sourceTree = "<group>";
		};
		EFADC8CCBE2A6EA9933C6F32 /* Frameworks */ = {
			isa = PBXGroup;
			children = (
				87FC7ECEFCAE816ECA7D63C7 /* libPods-Photo.a */,
			);
			name = Frameworks;
			sourceTree = "<group>";
		};
/* End PBXGroup section */

/* Begin PBXNativeTarget section */
		34CF223023EB030900B5F25D /* Photo */ = {
			isa = PBXNativeTarget;
			buildConfigurationList = 34CF224523EB030900B5F25D /* Build configuration list for PBXNativeTarget "Photo" */;
			buildPhases = (
				0F55BD299A4C9FA98D20CBD7 /* [CP] Check Pods Manifest.lock */,
				34CF222D23EB030900B5F25D /* Sources */,
				34CF222E23EB030900B5F25D /* Frameworks */,
				34CF222F23EB030900B5F25D /* Resources */,
				349CDC4C23EB76E60041431F /* ShellScript */,
			);
			buildRules = (
			);
			dependencies = (
			);
			name = Photo;
			productName = Photo;
			productReference = 34CF223123EB030900B5F25D /* Photo.app */;
			productType = "com.apple.product-type.application";
		};
		34CF227B23EB3B8A00B5F25D /* PhotoTests */ = {
			isa = PBXNativeTarget;
			buildConfigurationList = 34CF228323EB3B8A00B5F25D /* Build configuration list for PBXNativeTarget "PhotoTests" */;
			buildPhases = (
				34CF227823EB3B8A00B5F25D /* Sources */,
				34CF227923EB3B8A00B5F25D /* Frameworks */,
				34CF227A23EB3B8A00B5F25D /* Resources */,
			);
			buildRules = (
			);
			dependencies = (
				34CF228223EB3B8A00B5F25D /* PBXTargetDependency */,
			);
			name = PhotoTests;
			productName = PhotoTests;
			productReference = 34CF227C23EB3B8A00B5F25D /* PhotoTests.xctest */;
			productType = "com.apple.product-type.bundle.unit-test";
		};
/* End PBXNativeTarget section */

/* Begin PBXProject section */
		34CF222923EB030900B5F25D /* Project object */ = {
			isa = PBXProject;
			attributes = {
				LastSwiftUpdateCheck = 1130;
				LastUpgradeCheck = 1130;
				ORGANIZATIONNAME = "Taylor Maxwell";
				TargetAttributes = {
					34CF223023EB030900B5F25D = {
						CreatedOnToolsVersion = 11.3.1;
					};
					34CF227B23EB3B8A00B5F25D = {
						CreatedOnToolsVersion = 11.3.1;
						TestTargetID = 34CF223023EB030900B5F25D;
					};
				};
			};
			buildConfigurationList = 34CF222C23EB030900B5F25D /* Build configuration list for PBXProject "Photo" */;
			compatibilityVersion = "Xcode 9.3";
			developmentRegion = en;
			hasScannedForEncodings = 0;
			knownRegions = (
				en,
				Base,
			);
			mainGroup = 34CF222823EB030900B5F25D;
			productRefGroup = 34CF223223EB030900B5F25D /* Products */;
			projectDirPath = "";
			projectRoot = "";
			targets = (
				34CF223023EB030900B5F25D /* Photo */,
				34CF227B23EB3B8A00B5F25D /* PhotoTests */,
			);
		};
/* End PBXProject section */

/* Begin PBXResourcesBuildPhase section */
		34CF222F23EB030900B5F25D /* Resources */ = {
			isa = PBXResourcesBuildPhase;
			buildActionMask = 2147483647;
			files = (
				34CF224123EB030900B5F25D /* LaunchScreen.storyboard in Resources */,
				34CF223E23EB030900B5F25D /* Assets.xcassets in Resources */,
			);
			runOnlyForDeploymentPostprocessing = 0;
		};
		34CF227A23EB3B8A00B5F25D /* Resources */ = {
			isa = PBXResourcesBuildPhase;
			buildActionMask = 2147483647;
			files = (
			);
			runOnlyForDeploymentPostprocessing = 0;
		};
/* End PBXResourcesBuildPhase section */

/* Begin PBXShellScriptBuildPhase section */
		0F55BD299A4C9FA98D20CBD7 /* [CP] Check Pods Manifest.lock */ = {
			isa = PBXShellScriptBuildPhase;
			buildActionMask = 2147483647;
			files = (
			);
			inputFileListPaths = (
			);
			inputPaths = (
				"${PODS_PODFILE_DIR_PATH}/Podfile.lock",
				"${PODS_ROOT}/Manifest.lock",
			);
			name = "[CP] Check Pods Manifest.lock";
			outputFileListPaths = (
			);
			outputPaths = (
				"$(DERIVED_FILE_DIR)/Pods-Photo-checkManifestLockResult.txt",
			);
			runOnlyForDeploymentPostprocessing = 0;
			shellPath = /bin/sh;
			shellScript = "diff \"${PODS_PODFILE_DIR_PATH}/Podfile.lock\" \"${PODS_ROOT}/Manifest.lock\" > /dev/null\nif [ $? != 0 ] ; then\n    # print error to STDERR\n    echo \"error: The sandbox is not in sync with the Podfile.lock. Run 'pod install' or update your CocoaPods installation.\" >&2\n    exit 1\nfi\n# This output is used by Xcode 'outputs' to avoid re-running this script phase.\necho \"SUCCESS\" > \"${SCRIPT_OUTPUT_FILE_0}\"\n";
			showEnvVarsInLog = 0;
		};
		349CDC4C23EB76E60041431F /* ShellScript */ = {
			isa = PBXShellScriptBuildPhase;
			buildActionMask = 2147483647;
			files = (
			);
			inputFileListPaths = (
			);
			inputPaths = (
			);
			outputFileListPaths = (
			);
			outputPaths = (
			);
			runOnlyForDeploymentPostprocessing = 0;
			shellPath = /bin/sh;
			shellScript = "if which ${PODS_ROOT}/SwiftLint/swiftlint >/dev/null; then\n  ${PODS_ROOT}/SwiftLint/swiftlint\nelse\n  echo \"warning: SwiftLint not installed, download from https://github.com/realm/SwiftLint\"\nfi\n";
		};
/* End PBXShellScriptBuildPhase section */

/* Begin PBXSourcesBuildPhase section */
		34CF222D23EB030900B5F25D /* Sources */ = {
			isa = PBXSourcesBuildPhase;
			buildActionMask = 2147483647;
			files = (
				349CDC5023EB985F0041431F /* IMPhotoImageView.swift in Sources */,
				34BA87F723EC49F6009CA973 /* PHFetchResult+Ext.swift in Sources */,
				34BA87FC23EC6ED5009CA973 /* PhotoManager.swift in Sources */,
				34CF226123EB1D5300B5F25D /* ContainerView.swift in Sources */,
				34CF227323EB1F7700B5F25D /* MemoriesVC.swift in Sources */,
				34CF226D23EB1EB800B5F25D /* PhotosVC.swift in Sources */,
				34CF226B23EB1E3000B5F25D /* UITableView+Ext.swift in Sources */,
				34CF223523EB030900B5F25D /* AppDelegate.swift in Sources */,
				34CF226F23EB1EEE00B5F25D /* AlbumsVC.swift in Sources */,
				34CF225B23EB1CBB00B5F25D /* UITextField+Ext.swift in Sources */,
				3474472623EC97FE004E05BC /* PhotoViewModel.swift in Sources */,
				34CF226323EB1D7900B5F25D /* BodyLabel.swift in Sources */,
				34CF225D23EB1CE000B5F25D /* UIViewController+Ext.swift in Sources */,
				34CF224B23EB19D600B5F25D /* TabBarController.swift in Sources */,
				34CF225623EB1C1E00B5F25D /* TitleLabel.swift in Sources */,
				34CF227723EB347600B5F25D /* UITabBarController+Ext.swift in Sources */,
				34CF223723EB030900B5F25D /* SceneDelegate.swift in Sources */,
				34BA87F923EC69B6009CA973 /* IMError.swift in Sources */,
				34CF226923EB1E0F00B5F25D /* UIView+Ext.swift in Sources */,
				34CF224E23EB1A7D00B5F25D /* DataLoadingVC.swift in Sources */,
				34CF226723EB1DEC00B5F25D /* Date+Ext.swift in Sources */,
				34CF226523EB1DB700B5F25D /* Button.swift in Sources */,
				34CF225123EB1B1E00B5F25D /* EmptyStateView.swift in Sources */,
				34CF225F23EB1D0D00B5F25D /* AlertVC.swift in Sources */,
				349CDC4E23EB97860041431F /* PhotoCell.swift in Sources */,
				34CF227123EB1F5500B5F25D /* LocationsVC.swift in Sources */,
				34CF225923EB1C8600B5F25D /* String+Ext.swift in Sources */,
				34BA87F323EC420F009CA973 /* UIHelper.swift in Sources */,
				34CF225423EB1BD000B5F25D /* Constants.swift in Sources */,
			);
			runOnlyForDeploymentPostprocessing = 0;
		};
		34CF227823EB3B8A00B5F25D /* Sources */ = {
			isa = PBXSourcesBuildPhase;
			buildActionMask = 2147483647;
			files = (
				34CF228723EB3C2400B5F25D /* TabBarControllerTests.swift in Sources */,
				3406763823EB6D4A00DED300 /* ContainerViewTests.swift in Sources */,
				349CDC5223EB98F70041431F /* PhotoImageViewTests.swift in Sources */,
				3406763423EB682500DED300 /* BodyLabelTests.swift in Sources */,
				3406763223EB5E9B00DED300 /* TitleLabelTests.swift in Sources */,
				3406763623EB691800DED300 /* ButtonTests.swift in Sources */,
			);
			runOnlyForDeploymentPostprocessing = 0;
		};
/* End PBXSourcesBuildPhase section */

/* Begin PBXTargetDependency section */
		34CF228223EB3B8A00B5F25D /* PBXTargetDependency */ = {
			isa = PBXTargetDependency;
			target = 34CF223023EB030900B5F25D /* Photo */;
			targetProxy = 34CF228123EB3B8A00B5F25D /* PBXContainerItemProxy */;
		};
/* End PBXTargetDependency section */

/* Begin PBXVariantGroup section */
		34CF223F23EB030900B5F25D /* LaunchScreen.storyboard */ = {
			isa = PBXVariantGroup;
			children = (
				34CF224023EB030900B5F25D /* Base */,
			);
			name = LaunchScreen.storyboard;
			sourceTree = "<group>";
		};
/* End PBXVariantGroup section */

/* Begin XCBuildConfiguration section */
		34CF224323EB030900B5F25D /* Debug */ = {
			isa = XCBuildConfiguration;
			buildSettings = {
				ALWAYS_SEARCH_USER_PATHS = NO;
				CLANG_ANALYZER_NONNULL = YES;
				CLANG_ANALYZER_NUMBER_OBJECT_CONVERSION = YES_AGGRESSIVE;
				CLANG_CXX_LANGUAGE_STANDARD = "gnu++14";
				CLANG_CXX_LIBRARY = "libc++";
				CLANG_ENABLE_MODULES = YES;
				CLANG_ENABLE_OBJC_ARC = YES;
				CLANG_ENABLE_OBJC_WEAK = YES;
				CLANG_WARN_BLOCK_CAPTURE_AUTORELEASING = YES;
				CLANG_WARN_BOOL_CONVERSION = YES;
				CLANG_WARN_COMMA = YES;
				CLANG_WARN_CONSTANT_CONVERSION = YES;
				CLANG_WARN_DEPRECATED_OBJC_IMPLEMENTATIONS = YES;
				CLANG_WARN_DIRECT_OBJC_ISA_USAGE = YES_ERROR;
				CLANG_WARN_DOCUMENTATION_COMMENTS = YES;
				CLANG_WARN_EMPTY_BODY = YES;
				CLANG_WARN_ENUM_CONVERSION = YES;
				CLANG_WARN_INFINITE_RECURSION = YES;
				CLANG_WARN_INT_CONVERSION = YES;
				CLANG_WARN_NON_LITERAL_NULL_CONVERSION = YES;
				CLANG_WARN_OBJC_IMPLICIT_RETAIN_SELF = YES;
				CLANG_WARN_OBJC_LITERAL_CONVERSION = YES;
				CLANG_WARN_OBJC_ROOT_CLASS = YES_ERROR;
				CLANG_WARN_RANGE_LOOP_ANALYSIS = YES;
				CLANG_WARN_STRICT_PROTOTYPES = YES;
				CLANG_WARN_SUSPICIOUS_MOVE = YES;
				CLANG_WARN_UNGUARDED_AVAILABILITY = YES_AGGRESSIVE;
				CLANG_WARN_UNREACHABLE_CODE = YES;
				CLANG_WARN__DUPLICATE_METHOD_MATCH = YES;
				COPY_PHASE_STRIP = NO;
				DEBUG_INFORMATION_FORMAT = dwarf;
				ENABLE_STRICT_OBJC_MSGSEND = YES;
				ENABLE_TESTABILITY = YES;
				GCC_C_LANGUAGE_STANDARD = gnu11;
				GCC_DYNAMIC_NO_PIC = NO;
				GCC_NO_COMMON_BLOCKS = YES;
				GCC_OPTIMIZATION_LEVEL = 0;
				GCC_PREPROCESSOR_DEFINITIONS = (
					"DEBUG=1",
					"$(inherited)",
				);
				GCC_WARN_64_TO_32_BIT_CONVERSION = YES;
				GCC_WARN_ABOUT_RETURN_TYPE = YES_ERROR;
				GCC_WARN_UNDECLARED_SELECTOR = YES;
				GCC_WARN_UNINITIALIZED_AUTOS = YES_AGGRESSIVE;
				GCC_WARN_UNUSED_FUNCTION = YES;
				GCC_WARN_UNUSED_VARIABLE = YES;
				IPHONEOS_DEPLOYMENT_TARGET = 13.2;
				MTL_ENABLE_DEBUG_INFO = INCLUDE_SOURCE;
				MTL_FAST_MATH = YES;
				ONLY_ACTIVE_ARCH = YES;
				SDKROOT = iphoneos;
				SWIFT_ACTIVE_COMPILATION_CONDITIONS = DEBUG;
				SWIFT_OPTIMIZATION_LEVEL = "-Onone";
			};
			name = Debug;
		};
		34CF224423EB030900B5F25D /* Release */ = {
			isa = XCBuildConfiguration;
			buildSettings = {
				ALWAYS_SEARCH_USER_PATHS = NO;
				CLANG_ANALYZER_NONNULL = YES;
				CLANG_ANALYZER_NUMBER_OBJECT_CONVERSION = YES_AGGRESSIVE;
				CLANG_CXX_LANGUAGE_STANDARD = "gnu++14";
				CLANG_CXX_LIBRARY = "libc++";
				CLANG_ENABLE_MODULES = YES;
				CLANG_ENABLE_OBJC_ARC = YES;
				CLANG_ENABLE_OBJC_WEAK = YES;
				CLANG_WARN_BLOCK_CAPTURE_AUTORELEASING = YES;
				CLANG_WARN_BOOL_CONVERSION = YES;
				CLANG_WARN_COMMA = YES;
				CLANG_WARN_CONSTANT_CONVERSION = YES;
				CLANG_WARN_DEPRECATED_OBJC_IMPLEMENTATIONS = YES;
				CLANG_WARN_DIRECT_OBJC_ISA_USAGE = YES_ERROR;
				CLANG_WARN_DOCUMENTATION_COMMENTS = YES;
				CLANG_WARN_EMPTY_BODY = YES;
				CLANG_WARN_ENUM_CONVERSION = YES;
				CLANG_WARN_INFINITE_RECURSION = YES;
				CLANG_WARN_INT_CONVERSION = YES;
				CLANG_WARN_NON_LITERAL_NULL_CONVERSION = YES;
				CLANG_WARN_OBJC_IMPLICIT_RETAIN_SELF = YES;
				CLANG_WARN_OBJC_LITERAL_CONVERSION = YES;
				CLANG_WARN_OBJC_ROOT_CLASS = YES_ERROR;
				CLANG_WARN_RANGE_LOOP_ANALYSIS = YES;
				CLANG_WARN_STRICT_PROTOTYPES = YES;
				CLANG_WARN_SUSPICIOUS_MOVE = YES;
				CLANG_WARN_UNGUARDED_AVAILABILITY = YES_AGGRESSIVE;
				CLANG_WARN_UNREACHABLE_CODE = YES;
				CLANG_WARN__DUPLICATE_METHOD_MATCH = YES;
				COPY_PHASE_STRIP = NO;
				DEBUG_INFORMATION_FORMAT = "dwarf-with-dsym";
				ENABLE_NS_ASSERTIONS = NO;
				ENABLE_STRICT_OBJC_MSGSEND = YES;
				GCC_C_LANGUAGE_STANDARD = gnu11;
				GCC_NO_COMMON_BLOCKS = YES;
				GCC_WARN_64_TO_32_BIT_CONVERSION = YES;
				GCC_WARN_ABOUT_RETURN_TYPE = YES_ERROR;
				GCC_WARN_UNDECLARED_SELECTOR = YES;
				GCC_WARN_UNINITIALIZED_AUTOS = YES_AGGRESSIVE;
				GCC_WARN_UNUSED_FUNCTION = YES;
				GCC_WARN_UNUSED_VARIABLE = YES;
				IPHONEOS_DEPLOYMENT_TARGET = 13.2;
				MTL_ENABLE_DEBUG_INFO = NO;
				MTL_FAST_MATH = YES;
				SDKROOT = iphoneos;
				SWIFT_COMPILATION_MODE = wholemodule;
				SWIFT_OPTIMIZATION_LEVEL = "-O";
				VALIDATE_PRODUCT = YES;
			};
			name = Release;
		};
		34CF224623EB030900B5F25D /* Debug */ = {
			isa = XCBuildConfiguration;
			baseConfigurationReference = 16366A05DC7A909F304AA480 /* Pods-Photo.debug.xcconfig */;
			buildSettings = {
				ASSETCATALOG_COMPILER_APPICON_NAME = AppIcon;
				CODE_SIGN_STYLE = Automatic;
				DEVELOPMENT_TEAM = 25CX737R87;
				INFOPLIST_FILE = Photo/Info.plist;
				LD_RUNPATH_SEARCH_PATHS = (
					"$(inherited)",
					"@executable_path/Frameworks",
				);
				PRODUCT_BUNDLE_IDENTIFIER = net.imaxwell.photo;
				PRODUCT_NAME = "$(TARGET_NAME)";
				SWIFT_VERSION = 5.0;
				TARGETED_DEVICE_FAMILY = "1,2";
			};
			name = Debug;
		};
		34CF224723EB030900B5F25D /* Release */ = {
			isa = XCBuildConfiguration;
			baseConfigurationReference = 71AAAE327A6E3C6EB79E7025 /* Pods-Photo.release.xcconfig */;
			buildSettings = {
				ASSETCATALOG_COMPILER_APPICON_NAME = AppIcon;
				CODE_SIGN_STYLE = Automatic;
				DEVELOPMENT_TEAM = 25CX737R87;
				INFOPLIST_FILE = Photo/Info.plist;
				LD_RUNPATH_SEARCH_PATHS = (
					"$(inherited)",
					"@executable_path/Frameworks",
				);
				PRODUCT_BUNDLE_IDENTIFIER = net.imaxwell.photo;
				PRODUCT_NAME = "$(TARGET_NAME)";
				SWIFT_VERSION = 5.0;
				TARGETED_DEVICE_FAMILY = "1,2";
			};
			name = Release;
		};
		34CF228423EB3B8A00B5F25D /* Debug */ = {
			isa = XCBuildConfiguration;
			buildSettings = {
				BUNDLE_LOADER = "$(TEST_HOST)";
				CODE_SIGN_STYLE = Automatic;
				DEVELOPMENT_TEAM = 25CX737R87;
				INFOPLIST_FILE = PhotoTests/Info.plist;
				LD_RUNPATH_SEARCH_PATHS = (
					"$(inherited)",
					"@executable_path/Frameworks",
					"@loader_path/Frameworks",
				);
				PRODUCT_BUNDLE_IDENTIFIER = net.imaxwell.PhotoTests;
				PRODUCT_NAME = "$(TARGET_NAME)";
				SWIFT_VERSION = 5.0;
				TARGETED_DEVICE_FAMILY = "1,2";
				TEST_HOST = "$(BUILT_PRODUCTS_DIR)/Photo.app/Photo";
			};
			name = Debug;
		};
		34CF228523EB3B8A00B5F25D /* Release */ = {
			isa = XCBuildConfiguration;
			buildSettings = {
				BUNDLE_LOADER = "$(TEST_HOST)";
				CODE_SIGN_STYLE = Automatic;
				DEVELOPMENT_TEAM = 25CX737R87;
				INFOPLIST_FILE = PhotoTests/Info.plist;
				LD_RUNPATH_SEARCH_PATHS = (
					"$(inherited)",
					"@executable_path/Frameworks",
					"@loader_path/Frameworks",
				);
				PRODUCT_BUNDLE_IDENTIFIER = net.imaxwell.PhotoTests;
				PRODUCT_NAME = "$(TARGET_NAME)";
				SWIFT_VERSION = 5.0;
				TARGETED_DEVICE_FAMILY = "1,2";
				TEST_HOST = "$(BUILT_PRODUCTS_DIR)/Photo.app/Photo";
			};
			name = Release;
		};
/* End XCBuildConfiguration section */

/* Begin XCConfigurationList section */
		34CF222C23EB030900B5F25D /* Build configuration list for PBXProject "Photo" */ = {
			isa = XCConfigurationList;
			buildConfigurations = (
				34CF224323EB030900B5F25D /* Debug */,
				34CF224423EB030900B5F25D /* Release */,
			);
			defaultConfigurationIsVisible = 0;
			defaultConfigurationName = Release;
		};
		34CF224523EB030900B5F25D /* Build configuration list for PBXNativeTarget "Photo" */ = {
			isa = XCConfigurationList;
			buildConfigurations = (
				34CF224623EB030900B5F25D /* Debug */,
				34CF224723EB030900B5F25D /* Release */,
			);
			defaultConfigurationIsVisible = 0;
			defaultConfigurationName = Release;
		};
		34CF228323EB3B8A00B5F25D /* Build configuration list for PBXNativeTarget "PhotoTests" */ = {
			isa = XCConfigurationList;
			buildConfigurations = (
				34CF228423EB3B8A00B5F25D /* Debug */,
				34CF228523EB3B8A00B5F25D /* Release */,
			);
			defaultConfigurationIsVisible = 0;
			defaultConfigurationName = Release;
		};
/* End XCConfigurationList section */
	};
	rootObject = 34CF222923EB030900B5F25D /* Project object */;
}
